
Microsoft Visual Studio Solution File, Format Version 12.00
# Visual Studio Version 16
VisualStudioVersion = 16.0.30523.141
MinimumVisualStudioVersion = 10.0.40219.1
Project("{9A19103F-16F7-4668-BE54-9A1E7A4F7556}") = "ConfigurationService.Domain", "ConfigurationService.Domain\ConfigurationService.Domain.csproj", "{7ED73970-1AED-4EA7-9C28-6938D871711D}"
EndProject
Project("{9A19103F-16F7-4668-BE54-9A1E7A4F7556}") = "ConfigurationService.Application", "ConfigurationService.Application\ConfigurationService.Application.csproj", "{7E2A9EB3-43CF-4E20-BFD8-F65E56D125B1}"
EndProject
Project("{9A19103F-16F7-4668-BE54-9A1E7A4F7556}") = "ConfigurationService.Api", "ConfigurationService.Api\ConfigurationService.Api.csproj", "{7B11B7A8-903E-4383-A640-D09F05895621}"
EndProject
Project("{9A19103F-16F7-4668-BE54-9A1E7A4F7556}") = "ConfigurationService.Persistence", "ConfigurationService.Persistence\ConfigurationService.Persistence.csproj", "{5A750466-B9D8-4F31-B02A-C7F8224837EE}"
EndProject
Project("{9A19103F-16F7-4668-BE54-9A1E7A4F7556}") = "ConfigurationService.ServiceCollectionConfiguring", "ConfigurationService.ServiceCollectionConfiguring\ConfigurationService.ServiceCollectionConfiguring.csproj", "{9050EFC6-8579-460D-9170-937F632F5F8D}"
EndProject
Project("{9A19103F-16F7-4668-BE54-9A1E7A4F7556}") = "ConfigurationService.Domain.Tests", "ConfigurationService.Domain.Tests\ConfigurationService.Domain.Tests.csproj", "{3EA9E2E4-87B5-4282-8F48-8D079C2D38FF}"
EndProject
Project("{9A19103F-16F7-4668-BE54-9A1E7A4F7556}") = "ConfigurationService.Persistence.Tests", "ConfigurationService.Persistence.Tests\ConfigurationService.Persistence.Tests.csproj", "{E3CE7053-F118-4FCE-B67F-06C70205DC0B}"
EndProject
Project("{9A19103F-16F7-4668-BE54-9A1E7A4F7556}") = "ConfigurationService.Tests", "ConfigurationService.Tests\ConfigurationService.Tests.csproj", "{BBC27EDE-5C51-4C51-924E-57FC65B642E8}"
EndProject
Project("{FAE04EC0-301F-11D3-BF4B-00C04F79EFBC}") = "ConfigurationService.Api.Tests", "ConfigurationService.Api.Tests\ConfigurationService.Api.Tests.csproj", "{2F7AF7C5-7FF3-4D7C-8B97-B0599C12D7FD}"
EndProject
Global
	GlobalSection(SolutionConfigurationPlatforms) = preSolution
		Debug|Any CPU = Debug|Any CPU
		Release|Any CPU = Release|Any CPU
	EndGlobalSection
	GlobalSection(ProjectConfigurationPlatforms) = postSolution
		{7ED73970-1AED-4EA7-9C28-6938D871711D}.Debug|Any CPU.ActiveCfg = Debug|Any CPU
		{7ED73970-1AED-4EA7-9C28-6938D871711D}.Debug|Any CPU.Build.0 = Debug|Any CPU
		{7ED73970-1AED-4EA7-9C28-6938D871711D}.Release|Any CPU.ActiveCfg = Release|Any CPU
		{7ED73970-1AED-4EA7-9C28-6938D871711D}.Release|Any CPU.Build.0 = Release|Any CPU
		{7E2A9EB3-43CF-4E20-BFD8-F65E56D125B1}.Debug|Any CPU.ActiveCfg = Debug|Any CPU
		{7E2A9EB3-43CF-4E20-BFD8-F65E56D125B1}.Debug|Any CPU.Build.0 = Debug|Any CPU
		{7E2A9EB3-43CF-4E20-BFD8-F65E56D125B1}.Release|Any CPU.ActiveCfg = Release|Any CPU
		{7E2A9EB3-43CF-4E20-BFD8-F65E56D125B1}.Release|Any CPU.Build.0 = Release|Any CPU
		{7B11B7A8-903E-4383-A640-D09F05895621}.Debug|Any CPU.ActiveCfg = Debug|Any CPU
		{7B11B7A8-903E-4383-A640-D09F05895621}.Debug|Any CPU.Build.0 = Debug|Any CPU
		{7B11B7A8-903E-4383-A640-D09F05895621}.Release|Any CPU.ActiveCfg = Release|Any CPU
		{7B11B7A8-903E-4383-A640-D09F05895621}.Release|Any CPU.Build.0 = Release|Any CPU
		{5A750466-B9D8-4F31-B02A-C7F8224837EE}.Debug|Any CPU.ActiveCfg = Debug|Any CPU
		{5A750466-B9D8-4F31-B02A-C7F8224837EE}.Debug|Any CPU.Build.0 = Debug|Any CPU
		{5A750466-B9D8-4F31-B02A-C7F8224837EE}.Release|Any CPU.ActiveCfg = Release|Any CPU
		{5A750466-B9D8-4F31-B02A-C7F8224837EE}.Release|Any CPU.Build.0 = Release|Any CPU
		{9050EFC6-8579-460D-9170-937F632F5F8D}.Debug|Any CPU.ActiveCfg = Debug|Any CPU
		{9050EFC6-8579-460D-9170-937F632F5F8D}.Debug|Any CPU.Build.0 = Debug|Any CPU
		{9050EFC6-8579-460D-9170-937F632F5F8D}.Release|Any CPU.ActiveCfg = Release|Any CPU
		{9050EFC6-8579-460D-9170-937F632F5F8D}.Release|Any CPU.Build.0 = Release|Any CPU
		{3EA9E2E4-87B5-4282-8F48-8D079C2D38FF}.Debug|Any CPU.ActiveCfg = Debug|Any CPU
		{3EA9E2E4-87B5-4282-8F48-8D079C2D38FF}.Debug|Any CPU.Build.0 = Debug|Any CPU
		{3EA9E2E4-87B5-4282-8F48-8D079C2D38FF}.Release|Any CPU.ActiveCfg = Release|Any CPU
		{3EA9E2E4-87B5-4282-8F48-8D079C2D38FF}.Release|Any CPU.Build.0 = Release|Any CPU
		{E3CE7053-F118-4FCE-B67F-06C70205DC0B}.Debug|Any CPU.ActiveCfg = Debug|Any CPU
		{E3CE7053-F118-4FCE-B67F-06C70205DC0B}.Debug|Any CPU.Build.0 = Debug|Any CPU
		{E3CE7053-F118-4FCE-B67F-06C70205DC0B}.Release|Any CPU.ActiveCfg = Release|Any CPU
		{E3CE7053-F118-4FCE-B67F-06C70205DC0B}.Release|Any CPU.Build.0 = Release|Any CPU
		{BBC27EDE-5C51-4C51-924E-57FC65B642E8}.Debug|Any CPU.ActiveCfg = Debug|Any CPU
		{BBC27EDE-5C51-4C51-924E-57FC65B642E8}.Debug|Any CPU.Build.0 = Debug|Any CPU
		{BBC27EDE-5C51-4C51-924E-57FC65B642E8}.Release|Any CPU.ActiveCfg = Release|Any CPU
		{BBC27EDE-5C51-4C51-924E-57FC65B642E8}.Release|Any CPU.Build.0 = Release|Any CPU
		{2F7AF7C5-7FF3-4D7C-8B97-B0599C12D7FD}.Debug|Any CPU.ActiveCfg = Debug|Any CPU
		{2F7AF7C5-7FF3-4D7C-8B97-B0599C12D7FD}.Debug|Any CPU.Build.0 = Debug|Any CPU
		{2F7AF7C5-7FF3-4D7C-8B97-B0599C12D7FD}.Release|Any CPU.ActiveCfg = Release|Any CPU
		{2F7AF7C5-7FF3-4D7C-8B97-B0599C12D7FD}.Release|Any CPU.Build.0 = Release|Any CPU
	EndGlobalSection
	GlobalSection(SolutionProperties) = preSolution
		HideSolutionNode = FALSE
	EndGlobalSection
	GlobalSection(ExtensibilityGlobals) = postSolution
		SolutionGuid = {D2E03700-47B7-4115-80CE-C2B542ED8230}
	EndGlobalSection
EndGlobal
